
Microsoft Visual Studio Solution File, Format Version 12.00
# Visual Studio Version 16
VisualStudioVersion = 16.0.30804.86
MinimumVisualStudioVersion = 10.0.40219.1
Project("{FAE04EC0-301F-11D3-BF4B-00C04F79EFBC}") = "CodeFirst", "CodeFirst\CodeFirst.csproj", "{30AFD828-577F-4C0C-A1F4-1C07334B5B0B}"
EndProject
Global
	GlobalSection(SolutionConfigurationPlatforms) = preSolution
		Debug|Any CPU = Debug|Any CPU
		Release|Any CPU = Release|Any CPU
	EndGlobalSection
	GlobalSection(ProjectConfigurationPlatforms) = postSolution
		{30AFD828-577F-4C0C-A1F4-1C07334B5B0B}.Debug|Any CPU.ActiveCfg = Debug|Any CPU
		{30AFD828-577F-4C0C-A1F4-1C07334B5B0B}.Debug|Any CPU.Build.0 = Debug|Any CPU
		{30AFD828-577F-4C0C-A1F4-1C07334B5B0B}.Release|Any CPU.ActiveCfg = Release|Any CPU
		{30AFD828-577F-4C0C-A1F4-1C07334B5B0B}.Release|Any CPU.Build.0 = Release|Any CPU
	EndGlobalSection
	GlobalSection(SolutionProperties) = preSolution
		HideSolutionNode = FALSE
	EndGlobalSection
	GlobalSection(ExtensibilityGlobals) = postSolution
		SolutionGuid = {837F14CA-81BC-4AB3-AB6A-D40F33FC9959}
	EndGlobalSection
EndGlobal
