
Microsoft Visual Studio Solution File, Format Version 12.00
# Visual Studio Version 16
VisualStudioVersion = 16.0.30804.86
MinimumVisualStudioVersion = 10.0.40219.1
Project("{FAE04EC0-301F-11D3-BF4B-00C04F79EFBC}") = "anonymousincomecomparisonprogram", "anonymousincomecomparisonprogram\anonymousincomecomparisonprogram.csproj", "{14326DFD-ADF5-432A-B88A-C9292EEDBCF2}"
EndProject
Global
	GlobalSection(SolutionConfigurationPlatforms) = preSolution
		Debug|Any CPU = Debug|Any CPU
		Release|Any CPU = Release|Any CPU
	EndGlobalSection
	GlobalSection(ProjectConfigurationPlatforms) = postSolution
		{14326DFD-ADF5-432A-B88A-C9292EEDBCF2}.Debug|Any CPU.ActiveCfg = Debug|Any CPU
		{14326DFD-ADF5-432A-B88A-C9292EEDBCF2}.Debug|Any CPU.Build.0 = Debug|Any CPU
		{14326DFD-ADF5-432A-B88A-C9292EEDBCF2}.Release|Any CPU.ActiveCfg = Release|Any CPU
		{14326DFD-ADF5-432A-B88A-C9292EEDBCF2}.Release|Any CPU.Build.0 = Release|Any CPU
	EndGlobalSection
	GlobalSection(SolutionProperties) = preSolution
		HideSolutionNode = FALSE
	EndGlobalSection
	GlobalSection(ExtensibilityGlobals) = postSolution
		SolutionGuid = {3DC248CB-EF2D-433D-B9C6-4DDF12239864}
	EndGlobalSection
EndGlobal
