
Microsoft Visual Studio Solution File, Format Version 12.00
# Visual Studio Version 16
VisualStudioVersion = 16.0.30804.86
MinimumVisualStudioVersion = 10.0.40219.1
Project("{FAE04EC0-301F-11D3-BF4B-00C04F79EFBC}") = "CarInsuranceUnderwriting", "CarInsuranceUnderwriting\CarInsuranceUnderwriting.csproj", "{A5813074-C5B4-46CD-9C05-CA82CE05B381}"
EndProject
Global
	GlobalSection(SolutionConfigurationPlatforms) = preSolution
		Debug|Any CPU = Debug|Any CPU
		Release|Any CPU = Release|Any CPU
	EndGlobalSection
	GlobalSection(ProjectConfigurationPlatforms) = postSolution
		{A5813074-C5B4-46CD-9C05-CA82CE05B381}.Debug|Any CPU.ActiveCfg = Debug|Any CPU
		{A5813074-C5B4-46CD-9C05-CA82CE05B381}.Debug|Any CPU.Build.0 = Debug|Any CPU
		{A5813074-C5B4-46CD-9C05-CA82CE05B381}.Release|Any CPU.ActiveCfg = Release|Any CPU
		{A5813074-C5B4-46CD-9C05-CA82CE05B381}.Release|Any CPU.Build.0 = Release|Any CPU
	EndGlobalSection
	GlobalSection(SolutionProperties) = preSolution
		HideSolutionNode = FALSE
	EndGlobalSection
	GlobalSection(ExtensibilityGlobals) = postSolution
		SolutionGuid = {D287291E-355C-43F5-83E9-2042F7830958}
	EndGlobalSection
EndGlobal
