
Microsoft Visual Studio Solution File, Format Version 12.00
# Visual Studio Version 16
VisualStudioVersion = 16.0.30804.86
MinimumVisualStudioVersion = 10.0.40219.1
Project("{FAE04EC0-301F-11D3-BF4B-00C04F79EFBC}") = "DailyReportProject.cs", "DailyReportProject.cs\DailyReportProject.cs.csproj", "{3F37CEE1-F25B-4570-BE6A-E2EDB87F4805}"
EndProject
Global
	GlobalSection(SolutionConfigurationPlatforms) = preSolution
		Debug|Any CPU = Debug|Any CPU
		Release|Any CPU = Release|Any CPU
	EndGlobalSection
	GlobalSection(ProjectConfigurationPlatforms) = postSolution
		{3F37CEE1-F25B-4570-BE6A-E2EDB87F4805}.Debug|Any CPU.ActiveCfg = Debug|Any CPU
		{3F37CEE1-F25B-4570-BE6A-E2EDB87F4805}.Debug|Any CPU.Build.0 = Debug|Any CPU
		{3F37CEE1-F25B-4570-BE6A-E2EDB87F4805}.Release|Any CPU.ActiveCfg = Release|Any CPU
		{3F37CEE1-F25B-4570-BE6A-E2EDB87F4805}.Release|Any CPU.Build.0 = Release|Any CPU
	EndGlobalSection
	GlobalSection(SolutionProperties) = preSolution
		HideSolutionNode = FALSE
	EndGlobalSection
	GlobalSection(ExtensibilityGlobals) = postSolution
		SolutionGuid = {F3C0A5D1-A08A-44BB-8914-F979848D52EC}
	EndGlobalSection
EndGlobal
