
Microsoft Visual Studio Solution File, Format Version 12.00
# Visual Studio Version 16
VisualStudioVersion = 16.0.30804.86
MinimumVisualStudioVersion = 10.0.40219.1
Project("{FAE04EC0-301F-11D3-BF4B-00C04F79EFBC}") = "iQuittable", "iQuittable\iQuittable.csproj", "{2D34EFCF-578D-49A0-B2F6-7846272B9952}"
EndProject
Global
	GlobalSection(SolutionConfigurationPlatforms) = preSolution
		Debug|Any CPU = Debug|Any CPU
		Release|Any CPU = Release|Any CPU
	EndGlobalSection
	GlobalSection(ProjectConfigurationPlatforms) = postSolution
		{2D34EFCF-578D-49A0-B2F6-7846272B9952}.Debug|Any CPU.ActiveCfg = Debug|Any CPU
		{2D34EFCF-578D-49A0-B2F6-7846272B9952}.Debug|Any CPU.Build.0 = Debug|Any CPU
		{2D34EFCF-578D-49A0-B2F6-7846272B9952}.Release|Any CPU.ActiveCfg = Release|Any CPU
		{2D34EFCF-578D-49A0-B2F6-7846272B9952}.Release|Any CPU.Build.0 = Release|Any CPU
	EndGlobalSection
	GlobalSection(SolutionProperties) = preSolution
		HideSolutionNode = FALSE
	EndGlobalSection
	GlobalSection(ExtensibilityGlobals) = postSolution
		SolutionGuid = {890B2A7F-8A97-45D4-AEF2-3CA8BA6CFDA2}
	EndGlobalSection
EndGlobal
