
Microsoft Visual Studio Solution File, Format Version 12.00
# Visual Studio Version 16
VisualStudioVersion = 16.0.30804.86
MinimumVisualStudioVersion = 10.0.40219.1
Project("{FAE04EC0-301F-11D3-BF4B-00C04F79EFBC}") = "SixExercisesAfterIterationTutorial", "SixExercisesAfterIterationTutorial\SixExercisesAfterIterationTutorial.csproj", "{FCA947CC-F19A-4C9B-96FB-45187004F388}"
EndProject
Global
	GlobalSection(SolutionConfigurationPlatforms) = preSolution
		Debug|Any CPU = Debug|Any CPU
		Release|Any CPU = Release|Any CPU
	EndGlobalSection
	GlobalSection(ProjectConfigurationPlatforms) = postSolution
		{FCA947CC-F19A-4C9B-96FB-45187004F388}.Debug|Any CPU.ActiveCfg = Debug|Any CPU
		{FCA947CC-F19A-4C9B-96FB-45187004F388}.Debug|Any CPU.Build.0 = Debug|Any CPU
		{FCA947CC-F19A-4C9B-96FB-45187004F388}.Release|Any CPU.ActiveCfg = Release|Any CPU
		{FCA947CC-F19A-4C9B-96FB-45187004F388}.Release|Any CPU.Build.0 = Release|Any CPU
	EndGlobalSection
	GlobalSection(SolutionProperties) = preSolution
		HideSolutionNode = FALSE
	EndGlobalSection
	GlobalSection(ExtensibilityGlobals) = postSolution
		SolutionGuid = {D9701A86-6CAA-4BE4-88A4-FA02491854B2}
	EndGlobalSection
EndGlobal
