
Microsoft Visual Studio Solution File, Format Version 12.00
# Visual Studio Version 16
VisualStudioVersion = 16.0.30804.86
MinimumVisualStudioVersion = 10.0.40219.1
Project("{FAE04EC0-301F-11D3-BF4B-00C04F79EFBC}") = "StructDrill", "StructDrill\StructDrill.csproj", "{CA7F457D-5A46-45A2-9D61-9812412C8A72}"
EndProject
Global
	GlobalSection(SolutionConfigurationPlatforms) = preSolution
		Debug|Any CPU = Debug|Any CPU
		Release|Any CPU = Release|Any CPU
	EndGlobalSection
	GlobalSection(ProjectConfigurationPlatforms) = postSolution
		{CA7F457D-5A46-45A2-9D61-9812412C8A72}.Debug|Any CPU.ActiveCfg = Debug|Any CPU
		{CA7F457D-5A46-45A2-9D61-9812412C8A72}.Debug|Any CPU.Build.0 = Debug|Any CPU
		{CA7F457D-5A46-45A2-9D61-9812412C8A72}.Release|Any CPU.ActiveCfg = Release|Any CPU
		{CA7F457D-5A46-45A2-9D61-9812412C8A72}.Release|Any CPU.Build.0 = Release|Any CPU
	EndGlobalSection
	GlobalSection(SolutionProperties) = preSolution
		HideSolutionNode = FALSE
	EndGlobalSection
	GlobalSection(ExtensibilityGlobals) = postSolution
		SolutionGuid = {46CFB62C-398C-4DA1-AFF2-FB4CD66E8BD8}
	EndGlobalSection
EndGlobal
